
Microsoft Visual Studio Solution File, Format Version 12.00
# Visual Studio 14
VisualStudioVersion = 14.0.24720.0
MinimumVisualStudioVersion = 10.0.40219.1
Project("{FAE04EC0-301F-11D3-BF4B-00C04F79EFBC}") = "ProjectPares.Web", "wrap\ProjectPares.Web\ProjectPares.Web.csproj", "{69A981E4-6C51-436B-A225-F433AF838BE5}"
EndProject
Project("{FAE04EC0-301F-11D3-BF4B-00C04F79EFBC}") = "ProjectPares.Core", "wrap\ProjectPares.Core\ProjectPares.Core.csproj", "{05592C50-B2C2-4098-98AE-ABAFF3078BCC}"
EndProject
Global
	GlobalSection(SolutionConfigurationPlatforms) = preSolution
		Debug|Any CPU = Debug|Any CPU
		Release|Any CPU = Release|Any CPU
	EndGlobalSection
	GlobalSection(ProjectConfigurationPlatforms) = postSolution
		{69A981E4-6C51-436B-A225-F433AF838BE5}.Debug|Any CPU.ActiveCfg = Debug|Any CPU
		{69A981E4-6C51-436B-A225-F433AF838BE5}.Debug|Any CPU.Build.0 = Debug|Any CPU
		{69A981E4-6C51-436B-A225-F433AF838BE5}.Release|Any CPU.ActiveCfg = Release|Any CPU
		{69A981E4-6C51-436B-A225-F433AF838BE5}.Release|Any CPU.Build.0 = Release|Any CPU
		{05592C50-B2C2-4098-98AE-ABAFF3078BCC}.Debug|Any CPU.ActiveCfg = Debug|Any CPU
		{05592C50-B2C2-4098-98AE-ABAFF3078BCC}.Debug|Any CPU.Build.0 = Debug|Any CPU
		{05592C50-B2C2-4098-98AE-ABAFF3078BCC}.Release|Any CPU.ActiveCfg = Release|Any CPU
		{05592C50-B2C2-4098-98AE-ABAFF3078BCC}.Release|Any CPU.Build.0 = Release|Any CPU
	EndGlobalSection
	GlobalSection(SolutionProperties) = preSolution
		HideSolutionNode = FALSE
	EndGlobalSection
EndGlobal
